{
  "originHash" : "7482ffcd89e192e66d54afb6c462521d2b072f75a4220773e4b54b802135ff67",
  "pins" : [
    {
      "identity" : "applesiliconddc",
      "kind" : "remoteSourceControl",
      "location" : "https://github.com/waydabber/AppleSiliconDDC.git",
      "state" : {
        "branch" : "main",
        "revision" : "97af3818b9803e51412fb50cac1506db1d73b5bf"
      }
    },
    {
      "identity" : "swift-argument-parser",
      "kind" : "remoteSourceControl",
      "location" : "https://github.com/apple/swift-argument-parser.git",
      "state" : {
        "revision" : "c5d11a805e765f52ba34ec7284bd4fcd6ba68615",
        "version" : "1.7.0"
      }
    }
  ],
  "version" : 3
}
